{
  "name": "search-restaurants",
  "version": "1.0.0",
  "lockfileVersion": 3,
  "requires": true,
  "packages": {
    "": {
      "name": "search-restaurants",
      "version": "1.0.0",
      "license": "ISC",
      "dependencies": {
        "@middy/core": "^6.4.1",
        "@middy/ssm": "^6.4.1"
      }
    },
    "node_modules/@middy/core": {
      "version": "6.4.1",
      "resolved": "https://registry.npmjs.org/@middy/core/-/core-6.4.1.tgz",
      "integrity": "sha512-NaKLoLUSkoxite0hkw5Tsa3DmuWyhRkZBbhD1tvr7FCWmj+MaQapNEvKMOSVNx/ET4ifY3KnKp0Zm0Q141Xcmg==",
      "license": "MIT",
      "engines": {
        "node": ">=20"
      },
      "funding": {
        "type": "github",
        "url": "https://github.com/sponsors/willfarrell"
      }
    },
    "node_modules/@middy/ssm": {
      "version": "6.4.1",
      "resolved": "https://registry.npmjs.org/@middy/ssm/-/ssm-6.4.1.tgz",
      "integrity": "sha512-LO7k+v2Ij8jd2PWvKDnI6MdDZEyHrxSep7D3ohMxUs5yy8WBTCZtiWbMQRWDJhCEFJv22PFcUov7AmxF0Q91cA==",
      "license": "MIT",
      "dependencies": {
        "@middy/util": "6.4.1"
      },
      "engines": {
        "node": ">=20"
      },
      "funding": {
        "type": "github",
        "url": "https://github.com/sponsors/willfarrell"
      }
    },
    "node_modules/@middy/util": {
      "version": "6.4.1",
      "resolved": "https://registry.npmjs.org/@middy/util/-/util-6.4.1.tgz",
      "integrity": "sha512-/re+VOjVo/UrGbUmFDW5ty4H7YNUor76SWo+tjtEOj1950luXSvdfb1xQUz850SQs0HVUfBCfJaGYZ5hy/o2Vg==",
      "license": "MIT",
      "engines": {
        "node": ">=20"
      },
      "funding": {
        "type": "github",
        "url": "https://github.com/sponsors/willfarrell"
      }
    }
  }
}
